
Microsoft Visual Studio Solution File, Format Version 12.00
# Visual Studio Version 17
VisualStudioVersion = 17.8.34322.80
MinimumVisualStudioVersion = 10.0.40219.1
Project("{FAE04EC0-301F-11D3-BF4B-00C04F79EFBC}") = "work_Relation_OneToOne", "work_Relation_OneToOne\work_Relation_OneToOne.csproj", "{238AA17E-C98A-4959-A8CF-E9595B07E190}"
EndProject
Global
	GlobalSection(SolutionConfigurationPlatforms) = preSolution
		Debug|Any CPU = Debug|Any CPU
		Release|Any CPU = Release|Any CPU
	EndGlobalSection
	GlobalSection(ProjectConfigurationPlatforms) = postSolution
		{238AA17E-C98A-4959-A8CF-E9595B07E190}.Debug|Any CPU.ActiveCfg = Debug|Any CPU
		{238AA17E-C98A-4959-A8CF-E9595B07E190}.Debug|Any CPU.Build.0 = Debug|Any CPU
		{238AA17E-C98A-4959-A8CF-E9595B07E190}.Release|Any CPU.ActiveCfg = Release|Any CPU
		{238AA17E-C98A-4959-A8CF-E9595B07E190}.Release|Any CPU.Build.0 = Release|Any CPU
	EndGlobalSection
	GlobalSection(SolutionProperties) = preSolution
		HideSolutionNode = FALSE
	EndGlobalSection
	GlobalSection(ExtensibilityGlobals) = postSolution
		SolutionGuid = {7DB70083-8F3E-4A09-8463-09218F4F10F8}
	EndGlobalSection
EndGlobal
